
Microsoft Visual Studio Solution File, Format Version 12.00
# Visual Studio 2017
Project("{FAE04EC0-301F-11D3-BF4B-00C04F79EFBC}") = "Easy Factory Method", "Easy Factory Method.csproj", "{94FED6FF-4195-2C90-C009-410D84294EBC}"
EndProject
Global
	GlobalSection(SolutionConfigurationPlatforms) = preSolution
		Debug|Any CPU = Debug|Any CPU
		Release|Any CPU = Release|Any CPU
	EndGlobalSection
	GlobalSection(ProjectConfigurationPlatforms) = postSolution
		{94FED6FF-4195-2C90-C009-410D84294EBC}.Debug|Any CPU.ActiveCfg = Debug|Any CPU
		{94FED6FF-4195-2C90-C009-410D84294EBC}.Debug|Any CPU.Build.0 = Debug|Any CPU
		{94FED6FF-4195-2C90-C009-410D84294EBC}.Release|Any CPU.ActiveCfg = Release|Any CPU
		{94FED6FF-4195-2C90-C009-410D84294EBC}.Release|Any CPU.Build.0 = Release|Any CPU
	EndGlobalSection
	GlobalSection(SolutionProperties) = preSolution
		HideSolutionNode = FALSE
	EndGlobalSection
EndGlobal
